{
  "name": "instagram-clone",
  "version": "1.0.0",
  "lockfileVersion": 2,
  "requires": true,
  "packages": {
    "": {
      "version": "1.0.0",
      "license": "ISC",
      "devDependencies": {
        "eslint-plugin-promise": "^4.3.1"
      }
    },
    "node_modules/eslint-plugin-promise": {
      "version": "4.3.1",
      "resolved": "https://registry.npmjs.org/eslint-plugin-promise/-/eslint-plugin-promise-4.3.1.tgz",
      "integrity": "sha512-bY2sGqyptzFBDLh/GMbAxfdJC+b0f23ME63FOE4+Jao0oZ3E1LEwFtWJX/1pGMJLiTtrSSern2CRM/g+dfc0eQ==",
      "dev": true,
      "engines": {
        "node": ">=6"
      }
    }
  },
  "dependencies": {
    "eslint-plugin-promise": {
      "version": "4.3.1",
      "resolved": "https://registry.npmjs.org/eslint-plugin-promise/-/eslint-plugin-promise-4.3.1.tgz",
      "integrity": "sha512-bY2sGqyptzFBDLh/GMbAxfdJC+b0f23ME63FOE4+Jao0oZ3E1LEwFtWJX/1pGMJLiTtrSSern2CRM/g+dfc0eQ==",
      "dev": true
    }
  }
}
